
Microsoft Visual Studio Solution File, Format Version 12.00
# Visual Studio Version 17
VisualStudioVersion = 17.5.002.0
MinimumVisualStudioVersion = 10.0.40219.1
Project("{9A19103F-16F7-4668-BE54-9A1E7A4F7556}") = "sorteadorDeNumero", "sorteadorDeNumero.csproj", "{98F49C63-DA1F-4028-AA86-D8B879902F9F}"
EndProject
Global
	GlobalSection(SolutionConfigurationPlatforms) = preSolution
		Debug|Any CPU = Debug|Any CPU
		Release|Any CPU = Release|Any CPU
	EndGlobalSection
	GlobalSection(ProjectConfigurationPlatforms) = postSolution
		{98F49C63-DA1F-4028-AA86-D8B879902F9F}.Debug|Any CPU.ActiveCfg = Debug|Any CPU
		{98F49C63-DA1F-4028-AA86-D8B879902F9F}.Debug|Any CPU.Build.0 = Debug|Any CPU
		{98F49C63-DA1F-4028-AA86-D8B879902F9F}.Release|Any CPU.ActiveCfg = Release|Any CPU
		{98F49C63-DA1F-4028-AA86-D8B879902F9F}.Release|Any CPU.Build.0 = Release|Any CPU
	EndGlobalSection
	GlobalSection(SolutionProperties) = preSolution
		HideSolutionNode = FALSE
	EndGlobalSection
	GlobalSection(ExtensibilityGlobals) = postSolution
		SolutionGuid = {E735CF63-DD43-4C32-9BC2-938BE0AF5A60}
	EndGlobalSection
EndGlobal
